
Microsoft Visual Studio Solution File, Format Version 12.00
# Visual Studio Version 17
VisualStudioVersion = 17.11.35327.3
MinimumVisualStudioVersion = 10.0.40219.1
Project("{2150E333-8FDC-42A3-9474-1A3956D46DE8}") = "01Atributos", "01Atributos", "{618F8B7F-F573-4683-A0FD-E5E16585E977}"
EndProject
Project("{FAE04EC0-301F-11D3-BF4B-00C04F79EFBC}") = "01Atributos", "01Atributos\01Atributos.csproj", "{3EDE2DB6-EBCF-44F9-97CF-2D377F78052A}"
EndProject
Global
	GlobalSection(SolutionConfigurationPlatforms) = preSolution
		Debug|Any CPU = Debug|Any CPU
		Release|Any CPU = Release|Any CPU
	EndGlobalSection
	GlobalSection(ProjectConfigurationPlatforms) = postSolution
		{3EDE2DB6-EBCF-44F9-97CF-2D377F78052A}.Debug|Any CPU.ActiveCfg = Debug|Any CPU
		{3EDE2DB6-EBCF-44F9-97CF-2D377F78052A}.Debug|Any CPU.Build.0 = Debug|Any CPU
		{3EDE2DB6-EBCF-44F9-97CF-2D377F78052A}.Release|Any CPU.ActiveCfg = Release|Any CPU
		{3EDE2DB6-EBCF-44F9-97CF-2D377F78052A}.Release|Any CPU.Build.0 = Release|Any CPU
	EndGlobalSection
	GlobalSection(SolutionProperties) = preSolution
		HideSolutionNode = FALSE
	EndGlobalSection
	GlobalSection(NestedProjects) = preSolution
		{3EDE2DB6-EBCF-44F9-97CF-2D377F78052A} = {618F8B7F-F573-4683-A0FD-E5E16585E977}
	EndGlobalSection
	GlobalSection(ExtensibilityGlobals) = postSolution
		SolutionGuid = {1F6CF8FC-9169-4F87-9B85-BE0CC73C66A0}
	EndGlobalSection
EndGlobal
