
Microsoft Visual Studio Solution File, Format Version 12.00
# Visual Studio Version 17
VisualStudioVersion = 17.11.35327.3
MinimumVisualStudioVersion = 10.0.40219.1
Project("{2150E333-8FDC-42A3-9474-1A3956D46DE8}") = "01Atributos", "01Atributos", "{618F8B7F-F573-4683-A0FD-E5E16585E977}"
EndProject
Project("{9A19103F-16F7-4668-BE54-9A1E7A4F7556}") = "01Atributos-Metodos", "01Atributos\01Atributos-Metodos.csproj", "{3EDE2DB6-EBCF-44F9-97CF-2D377F78052A}"
EndProject
Project("{2150E333-8FDC-42A3-9474-1A3956D46DE8}") = "02Encapsulamento", "02Encapsulamento", "{2BBD7CA6-14CC-4ADB-AADB-56BE5914949B}"
EndProject
Project("{FAE04EC0-301F-11D3-BF4B-00C04F79EFBC}") = "02Encapsulamento", "02Encapsulamento\02Encapsulamento.csproj", "{30322891-CC22-45AA-A0FE-C73DB07DFDE6}"
EndProject
Project("{2150E333-8FDC-42A3-9474-1A3956D46DE8}") = "03Construtores", "03Construtores", "{7AEAE161-34BD-4CE1-A797-597F8F0E60AD}"
EndProject
Project("{FAE04EC0-301F-11D3-BF4B-00C04F79EFBC}") = "03Construtores", "03Construtores\03Construtores.csproj", "{792758F1-A094-46A3-9465-DCB2789E156E}"
EndProject
Project("{2150E333-8FDC-42A3-9474-1A3956D46DE8}") = "04getSet", "04getSet", "{80F7838C-EA7B-47D6-AF9D-3212E79A7DDA}"
EndProject
Project("{FAE04EC0-301F-11D3-BF4B-00C04F79EFBC}") = "04GetSet", "04GetSte\04GetSet.csproj", "{38FA95ED-9535-49B5-A35E-9683E4DBA6A9}"
EndProject
Project("{2150E333-8FDC-42A3-9474-1A3956D46DE8}") = "05This", "05This", "{0F43F9A8-9739-45BC-9B53-E4C3E4719741}"
EndProject
Project("{FAE04EC0-301F-11D3-BF4B-00C04F79EFBC}") = "05This", "This\05This.csproj", "{496EA3E2-3C63-401E-9B27-7677006E24E2}"
EndProject
Project("{2150E333-8FDC-42A3-9474-1A3956D46DE8}") = "06Heranca", "06Heranca", "{ADEB03B2-4A54-4658-9146-6CA97F3768FF}"
EndProject
Project("{FAE04EC0-301F-11D3-BF4B-00C04F79EFBC}") = "06Heranca", "06Heranca\06Heranca.csproj", "{6B489ECF-0B97-432C-9335-D212A7A88F2E}"
EndProject
Global
	GlobalSection(SolutionConfigurationPlatforms) = preSolution
		Debug|Any CPU = Debug|Any CPU
		Release|Any CPU = Release|Any CPU
	EndGlobalSection
	GlobalSection(ProjectConfigurationPlatforms) = postSolution
		{3EDE2DB6-EBCF-44F9-97CF-2D377F78052A}.Debug|Any CPU.ActiveCfg = Debug|Any CPU
		{3EDE2DB6-EBCF-44F9-97CF-2D377F78052A}.Debug|Any CPU.Build.0 = Debug|Any CPU
		{3EDE2DB6-EBCF-44F9-97CF-2D377F78052A}.Release|Any CPU.ActiveCfg = Release|Any CPU
		{3EDE2DB6-EBCF-44F9-97CF-2D377F78052A}.Release|Any CPU.Build.0 = Release|Any CPU
		{30322891-CC22-45AA-A0FE-C73DB07DFDE6}.Debug|Any CPU.ActiveCfg = Debug|Any CPU
		{30322891-CC22-45AA-A0FE-C73DB07DFDE6}.Debug|Any CPU.Build.0 = Debug|Any CPU
		{30322891-CC22-45AA-A0FE-C73DB07DFDE6}.Release|Any CPU.ActiveCfg = Release|Any CPU
		{30322891-CC22-45AA-A0FE-C73DB07DFDE6}.Release|Any CPU.Build.0 = Release|Any CPU
		{792758F1-A094-46A3-9465-DCB2789E156E}.Debug|Any CPU.ActiveCfg = Debug|Any CPU
		{792758F1-A094-46A3-9465-DCB2789E156E}.Debug|Any CPU.Build.0 = Debug|Any CPU
		{792758F1-A094-46A3-9465-DCB2789E156E}.Release|Any CPU.ActiveCfg = Release|Any CPU
		{792758F1-A094-46A3-9465-DCB2789E156E}.Release|Any CPU.Build.0 = Release|Any CPU
		{38FA95ED-9535-49B5-A35E-9683E4DBA6A9}.Debug|Any CPU.ActiveCfg = Debug|Any CPU
		{38FA95ED-9535-49B5-A35E-9683E4DBA6A9}.Debug|Any CPU.Build.0 = Debug|Any CPU
		{38FA95ED-9535-49B5-A35E-9683E4DBA6A9}.Release|Any CPU.ActiveCfg = Release|Any CPU
		{38FA95ED-9535-49B5-A35E-9683E4DBA6A9}.Release|Any CPU.Build.0 = Release|Any CPU
		{496EA3E2-3C63-401E-9B27-7677006E24E2}.Debug|Any CPU.ActiveCfg = Debug|Any CPU
		{496EA3E2-3C63-401E-9B27-7677006E24E2}.Debug|Any CPU.Build.0 = Debug|Any CPU
		{496EA3E2-3C63-401E-9B27-7677006E24E2}.Release|Any CPU.ActiveCfg = Release|Any CPU
		{496EA3E2-3C63-401E-9B27-7677006E24E2}.Release|Any CPU.Build.0 = Release|Any CPU
		{6B489ECF-0B97-432C-9335-D212A7A88F2E}.Debug|Any CPU.ActiveCfg = Debug|Any CPU
		{6B489ECF-0B97-432C-9335-D212A7A88F2E}.Debug|Any CPU.Build.0 = Debug|Any CPU
		{6B489ECF-0B97-432C-9335-D212A7A88F2E}.Release|Any CPU.ActiveCfg = Release|Any CPU
		{6B489ECF-0B97-432C-9335-D212A7A88F2E}.Release|Any CPU.Build.0 = Release|Any CPU
	EndGlobalSection
	GlobalSection(SolutionProperties) = preSolution
		HideSolutionNode = FALSE
	EndGlobalSection
	GlobalSection(NestedProjects) = preSolution
		{3EDE2DB6-EBCF-44F9-97CF-2D377F78052A} = {618F8B7F-F573-4683-A0FD-E5E16585E977}
		{30322891-CC22-45AA-A0FE-C73DB07DFDE6} = {2BBD7CA6-14CC-4ADB-AADB-56BE5914949B}
		{792758F1-A094-46A3-9465-DCB2789E156E} = {7AEAE161-34BD-4CE1-A797-597F8F0E60AD}
		{38FA95ED-9535-49B5-A35E-9683E4DBA6A9} = {80F7838C-EA7B-47D6-AF9D-3212E79A7DDA}
		{496EA3E2-3C63-401E-9B27-7677006E24E2} = {0F43F9A8-9739-45BC-9B53-E4C3E4719741}
		{6B489ECF-0B97-432C-9335-D212A7A88F2E} = {ADEB03B2-4A54-4658-9146-6CA97F3768FF}
	EndGlobalSection
	GlobalSection(ExtensibilityGlobals) = postSolution
		SolutionGuid = {1F6CF8FC-9169-4F87-9B85-BE0CC73C66A0}
	EndGlobalSection
EndGlobal
